
Microsoft Visual Studio Solution File, Format Version 12.00
# Visual Studio Version 17
VisualStudioVersion = 17.1.32319.34
MinimumVisualStudioVersion = 10.0.40219.1
Project("{FAE04EC0-301F-11D3-BF4B-00C04F79EFBC}") = "Web.Scraping.Api", "Web.Scraping.Api\Web.Scraping.Api.csproj", "{6957291E-98CA-4334-BBB8-B70D0B4C71FD}"
EndProject
Project("{FAE04EC0-301F-11D3-BF4B-00C04F79EFBC}") = "Web.Scraping.Core", "Web.Scraping.Core\Web.Scraping.Core.csproj", "{670F2FCD-8CBB-42FF-BC5F-49D3289F3354}"
EndProject
Project("{FAE04EC0-301F-11D3-BF4B-00C04F79EFBC}") = "Web.Scraping.Infrastructure", "Web.Scraping.Infrastructure\Web.Scraping.Infrastructure.csproj", "{C74B3192-D78A-4E3E-B533-02042BAA0D81}"
EndProject
Global
	GlobalSection(SolutionConfigurationPlatforms) = preSolution
		Debug|Any CPU = Debug|Any CPU
		Release|Any CPU = Release|Any CPU
	EndGlobalSection
	GlobalSection(ProjectConfigurationPlatforms) = postSolution
		{6957291E-98CA-4334-BBB8-B70D0B4C71FD}.Debug|Any CPU.ActiveCfg = Debug|Any CPU
		{6957291E-98CA-4334-BBB8-B70D0B4C71FD}.Debug|Any CPU.Build.0 = Debug|Any CPU
		{6957291E-98CA-4334-BBB8-B70D0B4C71FD}.Release|Any CPU.ActiveCfg = Release|Any CPU
		{6957291E-98CA-4334-BBB8-B70D0B4C71FD}.Release|Any CPU.Build.0 = Release|Any CPU
		{670F2FCD-8CBB-42FF-BC5F-49D3289F3354}.Debug|Any CPU.ActiveCfg = Debug|Any CPU
		{670F2FCD-8CBB-42FF-BC5F-49D3289F3354}.Debug|Any CPU.Build.0 = Debug|Any CPU
		{670F2FCD-8CBB-42FF-BC5F-49D3289F3354}.Release|Any CPU.ActiveCfg = Release|Any CPU
		{670F2FCD-8CBB-42FF-BC5F-49D3289F3354}.Release|Any CPU.Build.0 = Release|Any CPU
		{C74B3192-D78A-4E3E-B533-02042BAA0D81}.Debug|Any CPU.ActiveCfg = Debug|Any CPU
		{C74B3192-D78A-4E3E-B533-02042BAA0D81}.Debug|Any CPU.Build.0 = Debug|Any CPU
		{C74B3192-D78A-4E3E-B533-02042BAA0D81}.Release|Any CPU.ActiveCfg = Release|Any CPU
		{C74B3192-D78A-4E3E-B533-02042BAA0D81}.Release|Any CPU.Build.0 = Release|Any CPU
	EndGlobalSection
	GlobalSection(SolutionProperties) = preSolution
		HideSolutionNode = FALSE
	EndGlobalSection
	GlobalSection(ExtensibilityGlobals) = postSolution
		SolutionGuid = {21739869-EEF7-4869-B98E-C482541D3DE7}
	EndGlobalSection
EndGlobal
